
Microsoft Visual Studio Solution File, Format Version 12.00
# Visual Studio Version 17
VisualStudioVersion = 17.1.32328.378
MinimumVisualStudioVersion = 10.0.40219.1
Project("{8BC9CEB8-8B4A-11D0-8D11-00A0C91BC942}") = "Project4", "Project4\Project4.vcxproj", "{A3A1B047-9D2A-4602-89B3-07211A4BDA7B}"
EndProject
Global
	GlobalSection(SolutionConfigurationPlatforms) = preSolution
		Debug|x64 = Debug|x64
		Debug|x86 = Debug|x86
		Release|x64 = Release|x64
		Release|x86 = Release|x86
	EndGlobalSection
	GlobalSection(ProjectConfigurationPlatforms) = postSolution
		{A3A1B047-9D2A-4602-89B3-07211A4BDA7B}.Debug|x64.ActiveCfg = Debug|x64
		{A3A1B047-9D2A-4602-89B3-07211A4BDA7B}.Debug|x64.Build.0 = Debug|x64
		{A3A1B047-9D2A-4602-89B3-07211A4BDA7B}.Debug|x86.ActiveCfg = Debug|Win32
		{A3A1B047-9D2A-4602-89B3-07211A4BDA7B}.Debug|x86.Build.0 = Debug|Win32
		{A3A1B047-9D2A-4602-89B3-07211A4BDA7B}.Release|x64.ActiveCfg = Release|x64
		{A3A1B047-9D2A-4602-89B3-07211A4BDA7B}.Release|x64.Build.0 = Release|x64
		{A3A1B047-9D2A-4602-89B3-07211A4BDA7B}.Release|x86.ActiveCfg = Release|Win32
		{A3A1B047-9D2A-4602-89B3-07211A4BDA7B}.Release|x86.Build.0 = Release|Win32
	EndGlobalSection
	GlobalSection(SolutionProperties) = preSolution
		HideSolutionNode = FALSE
	EndGlobalSection
	GlobalSection(ExtensibilityGlobals) = postSolution
		SolutionGuid = {65AC875F-6506-4ABD-87C2-3B9BDE52EF11}
	EndGlobalSection
EndGlobal
